// !$*UTF8*$!
{
	archiveVersion = 1;
	classes = {
	};
	objectVersion = 46;
	objects = {

/* Begin PBXBuildFile section */
		132CD52357E2A21286C19739 /* Pods_DoneThisKit_Tests.framework in Frameworks */ = {isa = PBXBuildFile; fileRef = 7A074BF498707B0E8E29FBC9 /* Pods_DoneThisKit_Tests.framework */; };
		236FE61F1D496AAE0071964D /* TeamSpec.swift in Sources */ = {isa = PBXBuildFile; fileRef = 236FE61E1D496AAE0071964D /* TeamSpec.swift */; };
		236FE6211D496AD90071964D /* FixtureReader.swift in Sources */ = {isa = PBXBuildFile; fileRef = 236FE6201D496AD90071964D /* FixtureReader.swift */; };
		236FE6231D496B0D0071964D /* team.json in Resources */ = {isa = PBXBuildFile; fileRef = 236FE6221D496B0D0071964D /* team.json */; };
		236FE6251D496CB40071964D /* hook.json in Resources */ = {isa = PBXBuildFile; fileRef = 236FE6241D496CB40071964D /* hook.json */; };
		236FE6271D496CCC0071964D /* entry.json in Resources */ = {isa = PBXBuildFile; fileRef = 236FE6261D496CCC0071964D /* entry.json */; };
		236FE6291D496CE50071964D /* user.json in Resources */ = {isa = PBXBuildFile; fileRef = 236FE6281D496CE50071964D /* user.json */; };
		236FE62B1D496CFB0071964D /* EntrySpec.swift in Sources */ = {isa = PBXBuildFile; fileRef = 236FE62A1D496CFB0071964D /* EntrySpec.swift */; };
		236FE62D1D496D1D0071964D /* HookSpec.swift in Sources */ = {isa = PBXBuildFile; fileRef = 236FE62C1D496D1D0071964D /* HookSpec.swift */; };
		238F9DE71D496D3E00C1BB29 /* UserSpec.swift in Sources */ = {isa = PBXBuildFile; fileRef = 238F9DE61D496D3E00C1BB29 /* UserSpec.swift */; };
		23A11AC11D4E788B000376E2 /* TeamRequestFactorySpec.swift in Sources */ = {isa = PBXBuildFile; fileRef = 23A11AC01D4E788B000376E2 /* TeamRequestFactorySpec.swift */; };
		23A11AC31D4E78E8000376E2 /* RequestFactorySharedExample.swift in Sources */ = {isa = PBXBuildFile; fileRef = 23A11AC21D4E78E8000376E2 /* RequestFactorySharedExample.swift */; };
		23A11AC51D4E7BCF000376E2 /* EntryRequestFactorySpec.swift in Sources */ = {isa = PBXBuildFile; fileRef = 23A11AC41D4E7BCF000376E2 /* EntryRequestFactorySpec.swift */; };
		23A11AC71D4E7ECB000376E2 /* HookRequestFactorySpec.swift in Sources */ = {isa = PBXBuildFile; fileRef = 23A11AC61D4E7ECB000376E2 /* HookRequestFactorySpec.swift */; };
		23A11ACA1D4E7FB8000376E2 /* DateFormattersSpec.swift in Sources */ = {isa = PBXBuildFile; fileRef = 23A11AC91D4E7FB8000376E2 /* DateFormattersSpec.swift */; };
		23A11ACD1D4E8146000376E2 /* DoneThisClientSpec.swift in Sources */ = {isa = PBXBuildFile; fileRef = 23A11ACC1D4E8146000376E2 /* DoneThisClientSpec.swift */; };
		23B094751D5AE81A00F6CC44 /* DoneThisSessionAdapterSpec.swift in Sources */ = {isa = PBXBuildFile; fileRef = 23B094741D5AE81A00F6CC44 /* DoneThisSessionAdapterSpec.swift */; };
/* End PBXBuildFile section */

/* Begin PBXFileReference section */
		236FE61E1D496AAE0071964D /* TeamSpec.swift */ = {isa = PBXFileReference; fileEncoding = 4; lastKnownFileType = sourcecode.swift; path = TeamSpec.swift; sourceTree = "<group>"; };
		236FE6201D496AD90071964D /* FixtureReader.swift */ = {isa = PBXFileReference; fileEncoding = 4; lastKnownFileType = sourcecode.swift; path = FixtureReader.swift; sourceTree = "<group>"; };
		236FE6221D496B0D0071964D /* team.json */ = {isa = PBXFileReference; fileEncoding = 4; lastKnownFileType = text.json; path = team.json; sourceTree = "<group>"; };
		236FE6241D496CB40071964D /* hook.json */ = {isa = PBXFileReference; fileEncoding = 4; lastKnownFileType = text.json; path = hook.json; sourceTree = "<group>"; };
		236FE6261D496CCC0071964D /* entry.json */ = {isa = PBXFileReference; fileEncoding = 4; lastKnownFileType = text.json; path = entry.json; sourceTree = "<group>"; };
		236FE6281D496CE50071964D /* user.json */ = {isa = PBXFileReference; fileEncoding = 4; lastKnownFileType = text.json; path = user.json; sourceTree = "<group>"; };
		236FE62A1D496CFB0071964D /* EntrySpec.swift */ = {isa = PBXFileReference; fileEncoding = 4; lastKnownFileType = sourcecode.swift; path = EntrySpec.swift; sourceTree = "<group>"; };
		236FE62C1D496D1D0071964D /* HookSpec.swift */ = {isa = PBXFileReference; fileEncoding = 4; lastKnownFileType = sourcecode.swift; path = HookSpec.swift; sourceTree = "<group>"; };
		238F9DE61D496D3E00C1BB29 /* UserSpec.swift */ = {isa = PBXFileReference; fileEncoding = 4; lastKnownFileType = sourcecode.swift; path = UserSpec.swift; sourceTree = "<group>"; };
		23A11AC01D4E788B000376E2 /* TeamRequestFactorySpec.swift */ = {isa = PBXFileReference; fileEncoding = 4; lastKnownFileType = sourcecode.swift; path = TeamRequestFactorySpec.swift; sourceTree = "<group>"; };
		23A11AC21D4E78E8000376E2 /* RequestFactorySharedExample.swift */ = {isa = PBXFileReference; fileEncoding = 4; lastKnownFileType = sourcecode.swift; path = RequestFactorySharedExample.swift; sourceTree = "<group>"; };
		23A11AC41D4E7BCF000376E2 /* EntryRequestFactorySpec.swift */ = {isa = PBXFileReference; fileEncoding = 4; lastKnownFileType = sourcecode.swift; path = EntryRequestFactorySpec.swift; sourceTree = "<group>"; };
		23A11AC61D4E7ECB000376E2 /* HookRequestFactorySpec.swift */ = {isa = PBXFileReference; fileEncoding = 4; lastKnownFileType = sourcecode.swift; path = HookRequestFactorySpec.swift; sourceTree = "<group>"; };
		23A11AC91D4E7FB8000376E2 /* DateFormattersSpec.swift */ = {isa = PBXFileReference; fileEncoding = 4; lastKnownFileType = sourcecode.swift; path = DateFormattersSpec.swift; sourceTree = "<group>"; };
		23A11ACC1D4E8146000376E2 /* DoneThisClientSpec.swift */ = {isa = PBXFileReference; fileEncoding = 4; lastKnownFileType = sourcecode.swift; path = DoneThisClientSpec.swift; sourceTree = "<group>"; };
		23B094741D5AE81A00F6CC44 /* DoneThisSessionAdapterSpec.swift */ = {isa = PBXFileReference; fileEncoding = 4; lastKnownFileType = sourcecode.swift; path = DoneThisSessionAdapterSpec.swift; sourceTree = "<group>"; };
		607FACE51AFB9204008FA782 /* DoneThisKit_Tests.xctest */ = {isa = PBXFileReference; explicitFileType = wrapper.cfbundle; includeInIndex = 0; path = DoneThisKit_Tests.xctest; sourceTree = BUILT_PRODUCTS_DIR; };
		607FACEA1AFB9204008FA782 /* Info.plist */ = {isa = PBXFileReference; lastKnownFileType = text.plist.xml; path = Info.plist; sourceTree = "<group>"; };
		7762F8858AE13B435547C5EC /* LICENSE */ = {isa = PBXFileReference; includeInIndex = 1; lastKnownFileType = text; name = LICENSE; path = ../LICENSE; sourceTree = "<group>"; };
		77B54F4256AEF0D079C6E11A /* README.md */ = {isa = PBXFileReference; includeInIndex = 1; lastKnownFileType = net.daringfireball.markdown; name = README.md; path = ../README.md; sourceTree = "<group>"; };
		7A074BF498707B0E8E29FBC9 /* Pods_DoneThisKit_Tests.framework */ = {isa = PBXFileReference; explicitFileType = wrapper.framework; includeInIndex = 0; path = Pods_DoneThisKit_Tests.framework; sourceTree = BUILT_PRODUCTS_DIR; };
		7EEED8B20A95B2DC5FB18B1B /* DoneThisKit.podspec */ = {isa = PBXFileReference; includeInIndex = 1; lastKnownFileType = text; name = DoneThisKit.podspec; path = ../DoneThisKit.podspec; sourceTree = "<group>"; };
		D2A6580E16EB6E993748E058 /* Pods-DoneThisKit_Tests.release.xcconfig */ = {isa = PBXFileReference; includeInIndex = 1; lastKnownFileType = text.xcconfig; name = "Pods-DoneThisKit_Tests.release.xcconfig"; path = "Pods/Target Support Files/Pods-DoneThisKit_Tests/Pods-DoneThisKit_Tests.release.xcconfig"; sourceTree = "<group>"; };
		F508B093C694A77768CD42F2 /* Pods-DoneThisKit_Tests.debug.xcconfig */ = {isa = PBXFileReference; includeInIndex = 1; lastKnownFileType = text.xcconfig; name = "Pods-DoneThisKit_Tests.debug.xcconfig"; path = "Pods/Target Support Files/Pods-DoneThisKit_Tests/Pods-DoneThisKit_Tests.debug.xcconfig"; sourceTree = "<group>"; };
/* End PBXFileReference section */

/* Begin PBXFrameworksBuildPhase section */
		607FACE21AFB9204008FA782 /* Frameworks */ = {
			isa = PBXFrameworksBuildPhase;
			buildActionMask = 2147483647;
			files = (
				132CD52357E2A21286C19739 /* Pods_DoneThisKit_Tests.framework in Frameworks */,
			);
			runOnlyForDeploymentPostprocessing = 0;
		};
/* End PBXFrameworksBuildPhase section */

/* Begin PBXGroup section */
		1D8877EFFBB55AF69D80BADA /* Frameworks */ = {
			isa = PBXGroup;
			children = (
				7A074BF498707B0E8E29FBC9 /* Pods_DoneThisKit_Tests.framework */,
			);
			name = Frameworks;
			sourceTree = "<group>";
		};
		236FE61B1D496A910071964D /* Fixtures */ = {
			isa = PBXGroup;
			children = (
				236FE6221D496B0D0071964D /* team.json */,
				236FE6241D496CB40071964D /* hook.json */,
				236FE6261D496CCC0071964D /* entry.json */,
				236FE6281D496CE50071964D /* user.json */,
			);
			path = Fixtures;
			sourceTree = "<group>";
		};
		236FE61C1D496A910071964D /* Models */ = {
			isa = PBXGroup;
			children = (
				236FE61E1D496AAE0071964D /* TeamSpec.swift */,
				236FE62A1D496CFB0071964D /* EntrySpec.swift */,
				236FE62C1D496D1D0071964D /* HookSpec.swift */,
				238F9DE61D496D3E00C1BB29 /* UserSpec.swift */,
			);
			path = Models;
			sourceTree = "<group>";
		};
		236FE61D1D496A990071964D /* Helpers */ = {
			isa = PBXGroup;
			children = (
				236FE6201D496AD90071964D /* FixtureReader.swift */,
			);
			path = Helpers;
			sourceTree = "<group>";
		};
		23A11ABF1D4E7872000376E2 /* Requests */ = {
			isa = PBXGroup;
			children = (
				23A11AC21D4E78E8000376E2 /* RequestFactorySharedExample.swift */,
				23A11AC01D4E788B000376E2 /* TeamRequestFactorySpec.swift */,
				23A11AC41D4E7BCF000376E2 /* EntryRequestFactorySpec.swift */,
				23A11AC61D4E7ECB000376E2 /* HookRequestFactorySpec.swift */,
			);
			path = Requests;
			sourceTree = "<group>";
		};
		23A11AC81D4E7FB2000376E2 /* Formatters */ = {
			isa = PBXGroup;
			children = (
				23A11AC91D4E7FB8000376E2 /* DateFormattersSpec.swift */,
			);
			path = Formatters;
			sourceTree = "<group>";
		};
		23A11ACB1D4E80E4000376E2 /* Client */ = {
			isa = PBXGroup;
			children = (
				23A11ACC1D4E8146000376E2 /* DoneThisClientSpec.swift */,
			);
			path = Client;
			sourceTree = "<group>";
		};
		23B094711D5AE7A600F6CC44 /* Session */ = {
			isa = PBXGroup;
			children = (
				23B094741D5AE81A00F6CC44 /* DoneThisSessionAdapterSpec.swift */,
			);
			path = Session;
			sourceTree = "<group>";
		};
		565631FE483F809DD66F6DE7 /* Pods */ = {
			isa = PBXGroup;
			children = (
				F508B093C694A77768CD42F2 /* Pods-DoneThisKit_Tests.debug.xcconfig */,
				D2A6580E16EB6E993748E058 /* Pods-DoneThisKit_Tests.release.xcconfig */,
			);
			name = Pods;
			sourceTree = "<group>";
		};
		607FACC71AFB9204008FA782 = {
			isa = PBXGroup;
			children = (
				607FACF51AFB993E008FA782 /* Podspec Metadata */,
				607FACE81AFB9204008FA782 /* Tests */,
				607FACD11AFB9204008FA782 /* Products */,
				565631FE483F809DD66F6DE7 /* Pods */,
				1D8877EFFBB55AF69D80BADA /* Frameworks */,
			);
			sourceTree = "<group>";
		};
		607FACD11AFB9204008FA782 /* Products */ = {
			isa = PBXGroup;
			children = (
				607FACE51AFB9204008FA782 /* DoneThisKit_Tests.xctest */,
			);
			name = Products;
			sourceTree = "<group>";
		};
		607FACE81AFB9204008FA782 /* Tests */ = {
			isa = PBXGroup;
			children = (
				23B094711D5AE7A600F6CC44 /* Session */,
				23A11ACB1D4E80E4000376E2 /* Client */,
				23A11AC81D4E7FB2000376E2 /* Formatters */,
				23A11ABF1D4E7872000376E2 /* Requests */,
				236FE61D1D496A990071964D /* Helpers */,
				236FE61B1D496A910071964D /* Fixtures */,
				236FE61C1D496A910071964D /* Models */,
				607FACE91AFB9204008FA782 /* Supporting Files */,
			);
			path = Tests;
			sourceTree = "<group>";
		};
		607FACE91AFB9204008FA782 /* Supporting Files */ = {
			isa = PBXGroup;
			children = (
				607FACEA1AFB9204008FA782 /* Info.plist */,
			);
			name = "Supporting Files";
			sourceTree = "<group>";
		};
		607FACF51AFB993E008FA782 /* Podspec Metadata */ = {
			isa = PBXGroup;
			children = (
				7EEED8B20A95B2DC5FB18B1B /* DoneThisKit.podspec */,
				77B54F4256AEF0D079C6E11A /* README.md */,
				7762F8858AE13B435547C5EC /* LICENSE */,
			);
			name = "Podspec Metadata";
			sourceTree = "<group>";
		};
/* End PBXGroup section */

/* Begin PBXNativeTarget section */
		607FACE41AFB9204008FA782 /* DoneThisKit_Tests */ = {
			isa = PBXNativeTarget;
			buildConfigurationList = 607FACF21AFB9204008FA782 /* Build configuration list for PBXNativeTarget "DoneThisKit_Tests" */;
			buildPhases = (
				3358ABD46611967EC9DFA38E /* [CP] Check Pods Manifest.lock */,
				607FACE11AFB9204008FA782 /* Sources */,
				607FACE21AFB9204008FA782 /* Frameworks */,
				607FACE31AFB9204008FA782 /* Resources */,
				001ED864D9C2951682975231 /* [CP] Embed Pods Frameworks */,
				9D146A805E48F70C4FDD7E58 /* [CP] Copy Pods Resources */,
				23153A911D5281C300601A45 /* Swiftlint */,
			);
			buildRules = (
			);
			dependencies = (
			);
			name = DoneThisKit_Tests;
			productName = Tests;
			productReference = 607FACE51AFB9204008FA782 /* DoneThisKit_Tests.xctest */;
			productType = "com.apple.product-type.bundle.unit-test";
		};
/* End PBXNativeTarget section */

/* Begin PBXProject section */
		607FACC81AFB9204008FA782 /* Project object */ = {
			isa = PBXProject;
			attributes = {
				LastSwiftUpdateCheck = 0730;
				LastUpgradeCheck = 0720;
				ORGANIZATIONNAME = CocoaPods;
				TargetAttributes = {
					607FACE41AFB9204008FA782 = {
						CreatedOnToolsVersion = 6.3.1;
						TestTargetID = 607FACCF1AFB9204008FA782;
					};
				};
			};
			buildConfigurationList = 607FACCB1AFB9204008FA782 /* Build configuration list for PBXProject "DoneThisKit" */;
			compatibilityVersion = "Xcode 3.2";
			developmentRegion = English;
			hasScannedForEncodings = 0;
			knownRegions = (
				en,
				Base,
			);
			mainGroup = 607FACC71AFB9204008FA782;
			productRefGroup = 607FACD11AFB9204008FA782 /* Products */;
			projectDirPath = "";
			projectRoot = "";
			targets = (
				607FACE41AFB9204008FA782 /* DoneThisKit_Tests */,
			);
		};
/* End PBXProject section */

/* Begin PBXResourcesBuildPhase section */
		607FACE31AFB9204008FA782 /* Resources */ = {
			isa = PBXResourcesBuildPhase;
			buildActionMask = 2147483647;
			files = (
				236FE6291D496CE50071964D /* user.json in Resources */,
				236FE6271D496CCC0071964D /* entry.json in Resources */,
				236FE6251D496CB40071964D /* hook.json in Resources */,
				236FE6231D496B0D0071964D /* team.json in Resources */,
			);
			runOnlyForDeploymentPostprocessing = 0;
		};
/* End PBXResourcesBuildPhase section */

/* Begin PBXShellScriptBuildPhase section */
		001ED864D9C2951682975231 /* [CP] Embed Pods Frameworks */ = {
			isa = PBXShellScriptBuildPhase;
			buildActionMask = 2147483647;
			files = (
			);
			inputPaths = (
			);
			name = "[CP] Embed Pods Frameworks";
			outputPaths = (
			);
			runOnlyForDeploymentPostprocessing = 0;
			shellPath = /bin/sh;
			shellScript = "\"${SRCROOT}/Pods/Target Support Files/Pods-DoneThisKit_Tests/Pods-DoneThisKit_Tests-frameworks.sh\"\n";
			showEnvVarsInLog = 0;
		};
		23153A911D5281C300601A45 /* Swiftlint */ = {
			isa = PBXShellScriptBuildPhase;
			buildActionMask = 2147483647;
			files = (
			);
			inputPaths = (
			);
			name = Swiftlint;
			outputPaths = (
			);
			runOnlyForDeploymentPostprocessing = 0;
			shellPath = /bin/sh;
			shellScript = "if which swiftlint >/dev/null; then\nswiftlint lint --config \"../.swiftlint.yml\"\nelse\necho \"warning: SwiftLint not installed, download from https://github.com/realm/SwiftLint\"\nfi";
		};
		3358ABD46611967EC9DFA38E /* [CP] Check Pods Manifest.lock */ = {
			isa = PBXShellScriptBuildPhase;
			buildActionMask = 2147483647;
			files = (
			);
			inputPaths = (
			);
			name = "[CP] Check Pods Manifest.lock";
			outputPaths = (
			);
			runOnlyForDeploymentPostprocessing = 0;
			shellPath = /bin/sh;
			shellScript = "diff \"${PODS_ROOT}/../Podfile.lock\" \"${PODS_ROOT}/Manifest.lock\" > /dev/null\nif [[ $? != 0 ]] ; then\n    cat << EOM\nerror: The sandbox is not in sync with the Podfile.lock. Run 'pod install' or update your CocoaPods installation.\nEOM\n    exit 1\nfi\n";
			showEnvVarsInLog = 0;
		};
		9D146A805E48F70C4FDD7E58 /* [CP] Copy Pods Resources */ = {
			isa = PBXShellScriptBuildPhase;
			buildActionMask = 2147483647;
			files = (
			);
			inputPaths = (
			);
			name = "[CP] Copy Pods Resources";
			outputPaths = (
			);
			runOnlyForDeploymentPostprocessing = 0;
			shellPath = /bin/sh;
			shellScript = "\"${SRCROOT}/Pods/Target Support Files/Pods-DoneThisKit_Tests/Pods-DoneThisKit_Tests-resources.sh\"\n";
			showEnvVarsInLog = 0;
		};
/* End PBXShellScriptBuildPhase section */

/* Begin PBXSourcesBuildPhase section */
		607FACE11AFB9204008FA782 /* Sources */ = {
			isa = PBXSourcesBuildPhase;
			buildActionMask = 2147483647;
			files = (
				23A11AC11D4E788B000376E2 /* TeamRequestFactorySpec.swift in Sources */,
				236FE62B1D496CFB0071964D /* EntrySpec.swift in Sources */,
				23B094751D5AE81A00F6CC44 /* DoneThisSessionAdapterSpec.swift in Sources */,
				23A11AC71D4E7ECB000376E2 /* HookRequestFactorySpec.swift in Sources */,
				23A11ACA1D4E7FB8000376E2 /* DateFormattersSpec.swift in Sources */,
				236FE62D1D496D1D0071964D /* HookSpec.swift in Sources */,
				236FE6211D496AD90071964D /* FixtureReader.swift in Sources */,
				23A11AC31D4E78E8000376E2 /* RequestFactorySharedExample.swift in Sources */,
				23A11ACD1D4E8146000376E2 /* DoneThisClientSpec.swift in Sources */,
				236FE61F1D496AAE0071964D /* TeamSpec.swift in Sources */,
				238F9DE71D496D3E00C1BB29 /* UserSpec.swift in Sources */,
				23A11AC51D4E7BCF000376E2 /* EntryRequestFactorySpec.swift in Sources */,
			);
			runOnlyForDeploymentPostprocessing = 0;
		};
/* End PBXSourcesBuildPhase section */

/* Begin XCBuildConfiguration section */
		607FACED1AFB9204008FA782 /* Debug */ = {
			isa = XCBuildConfiguration;
			buildSettings = {
				ALWAYS_SEARCH_USER_PATHS = NO;
				CLANG_CXX_LANGUAGE_STANDARD = "gnu++0x";
				CLANG_CXX_LIBRARY = "libc++";
				CLANG_ENABLE_MODULES = YES;
				CLANG_ENABLE_OBJC_ARC = YES;
				CLANG_WARN_BOOL_CONVERSION = YES;
				CLANG_WARN_CONSTANT_CONVERSION = YES;
				CLANG_WARN_DIRECT_OBJC_ISA_USAGE = YES_ERROR;
				CLANG_WARN_EMPTY_BODY = YES;
				CLANG_WARN_ENUM_CONVERSION = YES;
				CLANG_WARN_INT_CONVERSION = YES;
				CLANG_WARN_OBJC_ROOT_CLASS = YES_ERROR;
				CLANG_WARN_UNREACHABLE_CODE = YES;
				CLANG_WARN__DUPLICATE_METHOD_MATCH = YES;
				"CODE_SIGN_IDENTITY[sdk=iphoneos*]" = "iPhone Developer";
				COPY_PHASE_STRIP = NO;
				DEBUG_INFORMATION_FORMAT = "dwarf-with-dsym";
				ENABLE_STRICT_OBJC_MSGSEND = YES;
				ENABLE_TESTABILITY = YES;
				GCC_C_LANGUAGE_STANDARD = gnu99;
				GCC_DYNAMIC_NO_PIC = NO;
				GCC_NO_COMMON_BLOCKS = YES;
				GCC_OPTIMIZATION_LEVEL = 0;
				GCC_PREPROCESSOR_DEFINITIONS = (
					"DEBUG=1",
					"$(inherited)",
				);
				GCC_SYMBOLS_PRIVATE_EXTERN = NO;
				GCC_WARN_64_TO_32_BIT_CONVERSION = YES;
				GCC_WARN_ABOUT_RETURN_TYPE = YES_ERROR;
				GCC_WARN_UNDECLARED_SELECTOR = YES;
				GCC_WARN_UNINITIALIZED_AUTOS = YES_AGGRESSIVE;
				GCC_WARN_UNUSED_FUNCTION = YES;
				GCC_WARN_UNUSED_VARIABLE = YES;
				IPHONEOS_DEPLOYMENT_TARGET = 8.3;
				MTL_ENABLE_DEBUG_INFO = YES;
				ONLY_ACTIVE_ARCH = YES;
				SDKROOT = iphoneos;
				SWIFT_OPTIMIZATION_LEVEL = "-Onone";
			};
			name = Debug;
		};
		607FACEE1AFB9204008FA782 /* Release */ = {
			isa = XCBuildConfiguration;
			buildSettings = {
				ALWAYS_SEARCH_USER_PATHS = NO;
				CLANG_CXX_LANGUAGE_STANDARD = "gnu++0x";
				CLANG_CXX_LIBRARY = "libc++";
				CLANG_ENABLE_MODULES = YES;
				CLANG_ENABLE_OBJC_ARC = YES;
				CLANG_WARN_BOOL_CONVERSION = YES;
				CLANG_WARN_CONSTANT_CONVERSION = YES;
				CLANG_WARN_DIRECT_OBJC_ISA_USAGE = YES_ERROR;
				CLANG_WARN_EMPTY_BODY = YES;
				CLANG_WARN_ENUM_CONVERSION = YES;
				CLANG_WARN_INT_CONVERSION = YES;
				CLANG_WARN_OBJC_ROOT_CLASS = YES_ERROR;
				CLANG_WARN_UNREACHABLE_CODE = YES;
				CLANG_WARN__DUPLICATE_METHOD_MATCH = YES;
				"CODE_SIGN_IDENTITY[sdk=iphoneos*]" = "iPhone Developer";
				COPY_PHASE_STRIP = NO;
				DEBUG_INFORMATION_FORMAT = "dwarf-with-dsym";
				ENABLE_NS_ASSERTIONS = NO;
				ENABLE_STRICT_OBJC_MSGSEND = YES;
				GCC_C_LANGUAGE_STANDARD = gnu99;
				GCC_NO_COMMON_BLOCKS = YES;
				GCC_WARN_64_TO_32_BIT_CONVERSION = YES;
				GCC_WARN_ABOUT_RETURN_TYPE = YES_ERROR;
				GCC_WARN_UNDECLARED_SELECTOR = YES;
				GCC_WARN_UNINITIALIZED_AUTOS = YES_AGGRESSIVE;
				GCC_WARN_UNUSED_FUNCTION = YES;
				GCC_WARN_UNUSED_VARIABLE = YES;
				IPHONEOS_DEPLOYMENT_TARGET = 8.3;
				MTL_ENABLE_DEBUG_INFO = NO;
				SDKROOT = iphoneos;
				VALIDATE_PRODUCT = YES;
			};
			name = Release;
		};
		607FACF31AFB9204008FA782 /* Debug */ = {
			isa = XCBuildConfiguration;
			baseConfigurationReference = F508B093C694A77768CD42F2 /* Pods-DoneThisKit_Tests.debug.xcconfig */;
			buildSettings = {
				CLANG_ENABLE_MODULES = YES;
				FRAMEWORK_SEARCH_PATHS = (
					"$(SDKROOT)/Developer/Library/Frameworks",
					"$(inherited)",
				);
				GCC_PREPROCESSOR_DEFINITIONS = (
					"DEBUG=1",
					"$(inherited)",
				);
				INFOPLIST_FILE = Tests/Info.plist;
				LD_RUNPATH_SEARCH_PATHS = "$(inherited) @executable_path/Frameworks @loader_path/Frameworks";
				PRODUCT_BUNDLE_IDENTIFIER = "org.cocoapods.$(PRODUCT_NAME:rfc1034identifier)";
				PRODUCT_NAME = "$(TARGET_NAME)";
				SWIFT_OPTIMIZATION_LEVEL = "-Onone";
			};
			name = Debug;
		};
		607FACF41AFB9204008FA782 /* Release */ = {
			isa = XCBuildConfiguration;
			baseConfigurationReference = D2A6580E16EB6E993748E058 /* Pods-DoneThisKit_Tests.release.xcconfig */;
			buildSettings = {
				CLANG_ENABLE_MODULES = YES;
				FRAMEWORK_SEARCH_PATHS = (
					"$(SDKROOT)/Developer/Library/Frameworks",
					"$(inherited)",
				);
				INFOPLIST_FILE = Tests/Info.plist;
				LD_RUNPATH_SEARCH_PATHS = "$(inherited) @executable_path/Frameworks @loader_path/Frameworks";
				PRODUCT_BUNDLE_IDENTIFIER = "org.cocoapods.$(PRODUCT_NAME:rfc1034identifier)";
				PRODUCT_NAME = "$(TARGET_NAME)";
			};
			name = Release;
		};
/* End XCBuildConfiguration section */

/* Begin XCConfigurationList section */
		607FACCB1AFB9204008FA782 /* Build configuration list for PBXProject "DoneThisKit" */ = {
			isa = XCConfigurationList;
			buildConfigurations = (
				607FACED1AFB9204008FA782 /* Debug */,
				607FACEE1AFB9204008FA782 /* Release */,
			);
			defaultConfigurationIsVisible = 0;
			defaultConfigurationName = Release;
		};
		607FACF21AFB9204008FA782 /* Build configuration list for PBXNativeTarget "DoneThisKit_Tests" */ = {
			isa = XCConfigurationList;
			buildConfigurations = (
				607FACF31AFB9204008FA782 /* Debug */,
				607FACF41AFB9204008FA782 /* Release */,
			);
			defaultConfigurationIsVisible = 0;
			defaultConfigurationName = Release;
		};
/* End XCConfigurationList section */
	};
	rootObject = 607FACC81AFB9204008FA782 /* Project object */;
}
